
Microsoft Visual Studio Solution File, Format Version 12.00
# Visual Studio Version 17
VisualStudioVersion = 17.11.34929.205
MinimumVisualStudioVersion = 10.0.40219.1
Project("{9A19103F-16F7-4668-BE54-9A1E7A4F7556}") = "ArmaProperty.Web", "ArmaProperty\ArmaProperty.Web.csproj", "{B2422E29-E011-4CB3-A8E6-23D5615135FD}"
EndProject
Project("{9A19103F-16F7-4668-BE54-9A1E7A4F7556}") = "ArmaProperty.Infrastructure", "ArmaProperty.Infrastructure\ArmaProperty.Infrastructure.csproj", "{9EF27CD0-5E20-4285-9FBB-D18506CFD5D0}"
EndProject
Project("{9A19103F-16F7-4668-BE54-9A1E7A4F7556}") = "ArmaProperty.Domain", "ArmaProperty.Domain\ArmaProperty.Domain.csproj", "{E74F921E-7FAF-428B-A12D-01D79E53E5BD}"
EndProject
Global
	GlobalSection(SolutionConfigurationPlatforms) = preSolution
		Debug|Any CPU = Debug|Any CPU
		Release|Any CPU = Release|Any CPU
	EndGlobalSection
	GlobalSection(ProjectConfigurationPlatforms) = postSolution
		{B2422E29-E011-4CB3-A8E6-23D5615135FD}.Debug|Any CPU.ActiveCfg = Debug|Any CPU
		{B2422E29-E011-4CB3-A8E6-23D5615135FD}.Debug|Any CPU.Build.0 = Debug|Any CPU
		{B2422E29-E011-4CB3-A8E6-23D5615135FD}.Release|Any CPU.ActiveCfg = Release|Any CPU
		{B2422E29-E011-4CB3-A8E6-23D5615135FD}.Release|Any CPU.Build.0 = Release|Any CPU
		{9EF27CD0-5E20-4285-9FBB-D18506CFD5D0}.Debug|Any CPU.ActiveCfg = Debug|Any CPU
		{9EF27CD0-5E20-4285-9FBB-D18506CFD5D0}.Debug|Any CPU.Build.0 = Debug|Any CPU
		{9EF27CD0-5E20-4285-9FBB-D18506CFD5D0}.Release|Any CPU.ActiveCfg = Release|Any CPU
		{9EF27CD0-5E20-4285-9FBB-D18506CFD5D0}.Release|Any CPU.Build.0 = Release|Any CPU
		{E74F921E-7FAF-428B-A12D-01D79E53E5BD}.Debug|Any CPU.ActiveCfg = Debug|Any CPU
		{E74F921E-7FAF-428B-A12D-01D79E53E5BD}.Debug|Any CPU.Build.0 = Debug|Any CPU
		{E74F921E-7FAF-428B-A12D-01D79E53E5BD}.Release|Any CPU.ActiveCfg = Release|Any CPU
		{E74F921E-7FAF-428B-A12D-01D79E53E5BD}.Release|Any CPU.Build.0 = Release|Any CPU
	EndGlobalSection
	GlobalSection(SolutionProperties) = preSolution
		HideSolutionNode = FALSE
	EndGlobalSection
	GlobalSection(ExtensibilityGlobals) = postSolution
		SolutionGuid = {E511CA25-6F03-43FF-A74F-3B17797B4B0D}
	EndGlobalSection
EndGlobal
